
Microsoft Visual Studio Solution File, Format Version 12.00
# Visual Studio Version 17
VisualStudioVersion = 17.9.34728.123
MinimumVisualStudioVersion = 10.0.40219.1
Project("{FAE04EC0-301F-11D3-BF4B-00C04F79EFBC}") = "WebBanHangOnline", "WebBanHangOnline\WebBanHangOnline.csproj", "{D4D09FBF-E65C-45BD-900A-754CB7AF30EA}"
EndProject
Global
	GlobalSection(SolutionConfigurationPlatforms) = preSolution
		Debug|Any CPU = Debug|Any CPU
		Release|Any CPU = Release|Any CPU
	EndGlobalSection
	GlobalSection(ProjectConfigurationPlatforms) = postSolution
		{D4D09FBF-E65C-45BD-900A-754CB7AF30EA}.Debug|Any CPU.ActiveCfg = Debug|Any CPU
		{D4D09FBF-E65C-45BD-900A-754CB7AF30EA}.Debug|Any CPU.Build.0 = Debug|Any CPU
		{D4D09FBF-E65C-45BD-900A-754CB7AF30EA}.Release|Any CPU.ActiveCfg = Release|Any CPU
		{D4D09FBF-E65C-45BD-900A-754CB7AF30EA}.Release|Any CPU.Build.0 = Release|Any CPU
	EndGlobalSection
	GlobalSection(SolutionProperties) = preSolution
		HideSolutionNode = FALSE
	EndGlobalSection
	GlobalSection(ExtensibilityGlobals) = postSolution
		SolutionGuid = {7C6B3E49-74B0-4791-A504-DF48818AE0D9}
	EndGlobalSection
EndGlobal
